
Microsoft Visual Studio Solution File, Format Version 12.00
# Visual Studio 2012
Project("{8BC9CEB8-8B4A-11D0-8D11-00A0C91BC942}") = "crmath", "crmath\crmath.vcxproj", "{6F2FD016-BF72-4721-9E27-8B78AE29A045}"
EndProject
Project("{8BC9CEB8-8B4A-11D0-8D11-00A0C91BC942}") = "gmath", "gmath\gmath.vcxproj", "{C842B67F-5C71-4877-B353-F775B7E544CD}"
EndProject
Global
	GlobalSection(SolutionConfigurationPlatforms) = preSolution
		Debug|Win32 = Debug|Win32
		Release|Win32 = Release|Win32
	EndGlobalSection
	GlobalSection(ProjectConfigurationPlatforms) = postSolution
		{6F2FD016-BF72-4721-9E27-8B78AE29A045}.Debug|Win32.ActiveCfg = Debug|Win32
		{6F2FD016-BF72-4721-9E27-8B78AE29A045}.Debug|Win32.Build.0 = Debug|Win32
		{6F2FD016-BF72-4721-9E27-8B78AE29A045}.Release|Win32.ActiveCfg = Release|Win32
		{6F2FD016-BF72-4721-9E27-8B78AE29A045}.Release|Win32.Build.0 = Release|Win32
		{C842B67F-5C71-4877-B353-F775B7E544CD}.Debug|Win32.ActiveCfg = Debug|Win32
		{C842B67F-5C71-4877-B353-F775B7E544CD}.Debug|Win32.Build.0 = Debug|Win32
		{C842B67F-5C71-4877-B353-F775B7E544CD}.Release|Win32.ActiveCfg = Release|Win32
		{C842B67F-5C71-4877-B353-F775B7E544CD}.Release|Win32.Build.0 = Release|Win32
	EndGlobalSection
	GlobalSection(SolutionProperties) = preSolution
		HideSolutionNode = FALSE
	EndGlobalSection
EndGlobal
